
Microsoft Visual Studio Solution File, Format Version 12.00
# Visual Studio Version 17
VisualStudioVersion = 17.8.34330.188
MinimumVisualStudioVersion = 10.0.40219.1
Project("{FAE04EC0-301F-11D3-BF4B-00C04F79EFBC}") = "Basic_Examples_for_Tip", "Basic_Examples_for_Tip\Basic_Examples_for_Tip.csproj", "{F34C0DEC-D347-4606-B755-B7026E810DF0}"
EndProject
Project("{FAE04EC0-301F-11D3-BF4B-00C04F79EFBC}") = "GuessTheNumber", "GuessTheNumber\GuessTheNumber.csproj", "{E053EB5E-2560-4738-94D8-90B7405B7E06}"
EndProject
Project("{FAE04EC0-301F-11D3-BF4B-00C04F79EFBC}") = "UnitConverter", "UnitConverter\UnitConverter.csproj", "{8D58E80B-CFB3-46B3-8D8D-F55F4EDC5CAB}"
EndProject
Project("{2150E333-8FDC-42A3-9474-1A3956D46DE8}") = "Commen", "Commen", "{9C8FB96E-F36F-4D27-B00B-FFD511153F77}"
EndProject
Project("{FAE04EC0-301F-11D3-BF4B-00C04F79EFBC}") = "RihTools", "RihTools\RihTools.csproj", "{EEDC7D08-0CFF-49BB-8206-258EE2536837}"
EndProject
Project("{FAE04EC0-301F-11D3-BF4B-00C04F79EFBC}") = "Calculate_avarage_from_CSV", "Calculate_avarage_from_CSV\Calculate_avarage_from_CSV.csproj", "{3ADF18DA-9EBD-4E39-B01C-97E72EFA254D}"
EndProject
Global
	GlobalSection(SolutionConfigurationPlatforms) = preSolution
		Debug|Any CPU = Debug|Any CPU
		Release|Any CPU = Release|Any CPU
	EndGlobalSection
	GlobalSection(ProjectConfigurationPlatforms) = postSolution
		{F34C0DEC-D347-4606-B755-B7026E810DF0}.Debug|Any CPU.ActiveCfg = Debug|Any CPU
		{F34C0DEC-D347-4606-B755-B7026E810DF0}.Debug|Any CPU.Build.0 = Debug|Any CPU
		{F34C0DEC-D347-4606-B755-B7026E810DF0}.Release|Any CPU.ActiveCfg = Release|Any CPU
		{F34C0DEC-D347-4606-B755-B7026E810DF0}.Release|Any CPU.Build.0 = Release|Any CPU
		{E053EB5E-2560-4738-94D8-90B7405B7E06}.Debug|Any CPU.ActiveCfg = Debug|Any CPU
		{E053EB5E-2560-4738-94D8-90B7405B7E06}.Debug|Any CPU.Build.0 = Debug|Any CPU
		{E053EB5E-2560-4738-94D8-90B7405B7E06}.Release|Any CPU.ActiveCfg = Release|Any CPU
		{E053EB5E-2560-4738-94D8-90B7405B7E06}.Release|Any CPU.Build.0 = Release|Any CPU
		{8D58E80B-CFB3-46B3-8D8D-F55F4EDC5CAB}.Debug|Any CPU.ActiveCfg = Debug|Any CPU
		{8D58E80B-CFB3-46B3-8D8D-F55F4EDC5CAB}.Debug|Any CPU.Build.0 = Debug|Any CPU
		{8D58E80B-CFB3-46B3-8D8D-F55F4EDC5CAB}.Release|Any CPU.ActiveCfg = Release|Any CPU
		{8D58E80B-CFB3-46B3-8D8D-F55F4EDC5CAB}.Release|Any CPU.Build.0 = Release|Any CPU
		{EEDC7D08-0CFF-49BB-8206-258EE2536837}.Debug|Any CPU.ActiveCfg = Debug|Any CPU
		{EEDC7D08-0CFF-49BB-8206-258EE2536837}.Debug|Any CPU.Build.0 = Debug|Any CPU
		{EEDC7D08-0CFF-49BB-8206-258EE2536837}.Release|Any CPU.ActiveCfg = Release|Any CPU
		{EEDC7D08-0CFF-49BB-8206-258EE2536837}.Release|Any CPU.Build.0 = Release|Any CPU
		{3ADF18DA-9EBD-4E39-B01C-97E72EFA254D}.Debug|Any CPU.ActiveCfg = Debug|Any CPU
		{3ADF18DA-9EBD-4E39-B01C-97E72EFA254D}.Debug|Any CPU.Build.0 = Debug|Any CPU
		{3ADF18DA-9EBD-4E39-B01C-97E72EFA254D}.Release|Any CPU.ActiveCfg = Release|Any CPU
		{3ADF18DA-9EBD-4E39-B01C-97E72EFA254D}.Release|Any CPU.Build.0 = Release|Any CPU
	EndGlobalSection
	GlobalSection(SolutionProperties) = preSolution
		HideSolutionNode = FALSE
	EndGlobalSection
	GlobalSection(NestedProjects) = preSolution
		{EEDC7D08-0CFF-49BB-8206-258EE2536837} = {9C8FB96E-F36F-4D27-B00B-FFD511153F77}
	EndGlobalSection
	GlobalSection(ExtensibilityGlobals) = postSolution
		SolutionGuid = {29DB07B6-E5E2-4CE2-8566-E56EDCFEEB39}
	EndGlobalSection
EndGlobal
